// !$*UTF8*$!
{
	archiveVersion = 1;
	classes = {
	};
	objectVersion = 56;
	objects = {

/* Begin PBXBuildFile section */
		717A31CFCC59203ED1E67E8D /* Pods_YOZO_iOS.framework in Frameworks */ = {isa = PBXBuildFile; fileRef = D4DCA2243FF8BECE59C2C208 /* Pods_YOZO_iOS.framework */; };
		7A36AB032A18CBA400ADE4EC /* TasteReviewListViewModel.swift in Sources */ = {isa = PBXBuildFile; fileRef = 7A36AB022A18CBA400ADE4EC /* TasteReviewListViewModel.swift */; };
		7A36AB062A18CC0900ADE4EC /* reviewAPI.swift in Sources */ = {isa = PBXBuildFile; fileRef = 7A36AB052A18CC0900ADE4EC /* reviewAPI.swift */; };
		7A36AB092A18CE1A00ADE4EC /* UICollectionViewDataSource.swift in Sources */ = {isa = PBXBuildFile; fileRef = 7A36AB082A18CE1A00ADE4EC /* UICollectionViewDataSource.swift */; };
		7A36AB2B2A18DB7600ADE4EC /* TasteReivewCell.swift in Sources */ = {isa = PBXBuildFile; fileRef = 7A36AB2A2A18DB7600ADE4EC /* TasteReivewCell.swift */; };
		7A4FAF4129EFAFF100E19842 /* SignupViewModel.swift in Sources */ = {isa = PBXBuildFile; fileRef = 7A4FAF4029EFAFF100E19842 /* SignupViewModel.swift */; };
		7A4FAF4329EFAFFF00E19842 /* LoginViewModel.swift in Sources */ = {isa = PBXBuildFile; fileRef = 7A4FAF4229EFAFFF00E19842 /* LoginViewModel.swift */; };
		7A4FAF4529F4ED8000E19842 /* SignupVC.swift in Sources */ = {isa = PBXBuildFile; fileRef = 7A4FAF4429F4ED8000E19842 /* SignupVC.swift */; };
		7A4FAF4929F7B6CE00E19842 /* RestaurantInfoVC.swift in Sources */ = {isa = PBXBuildFile; fileRef = 7A4FAF4829F7B6CE00E19842 /* RestaurantInfoVC.swift */; };
		7A5BC8F529E63A2500BBC3B3 /* AppDelegate.swift in Sources */ = {isa = PBXBuildFile; fileRef = 7A5BC8F429E63A2500BBC3B3 /* AppDelegate.swift */; };
		7A5BC8F729E63A2500BBC3B3 /* SceneDelegate.swift in Sources */ = {isa = PBXBuildFile; fileRef = 7A5BC8F629E63A2500BBC3B3 /* SceneDelegate.swift */; };
		7A5BC8F929E63A2500BBC3B3 /* LoginVC.swift in Sources */ = {isa = PBXBuildFile; fileRef = 7A5BC8F829E63A2500BBC3B3 /* LoginVC.swift */; };
		7A5BC8FE29E63A2600BBC3B3 /* Assets.xcassets in Resources */ = {isa = PBXBuildFile; fileRef = 7A5BC8FD29E63A2600BBC3B3 /* Assets.xcassets */; };
		7A5BC90129E63A2600BBC3B3 /* Splash.storyboard in Resources */ = {isa = PBXBuildFile; fileRef = 7A5BC8FF29E63A2600BBC3B3 /* Splash.storyboard */; };
		7A5BC91129E63B5600BBC3B3 /* UITextField+Extenstion.swift in Sources */ = {isa = PBXBuildFile; fileRef = 7A5BC91029E63B5600BBC3B3 /* UITextField+Extenstion.swift */; };
		7A5BC91329E63B6500BBC3B3 /*  UIColor+Extension.swift in Sources */ = {isa = PBXBuildFile; fileRef = 7A5BC91229E63B6500BBC3B3 /*  UIColor+Extension.swift */; };
		7A5BC91729E63F2700BBC3B3 /* MainVC.swift in Sources */ = {isa = PBXBuildFile; fileRef = 7A5BC91629E63F2700BBC3B3 /* MainVC.swift */; };
		7A5BC91929E65E4F00BBC3B3 /* InsetTextField+Extension.swift in Sources */ = {isa = PBXBuildFile; fileRef = 7A5BC91829E65E4F00BBC3B3 /* InsetTextField+Extension.swift */; };
		7A5BC91F29E9348000BBC3B3 /* SplashLogo.png in Resources */ = {isa = PBXBuildFile; fileRef = 7A5BC91E29E9347F00BBC3B3 /* SplashLogo.png */; };
		7A7E2F152A32F7C7007B566E /* MenuCell.swift in Sources */ = {isa = PBXBuildFile; fileRef = 7A7E2F142A32F7C7007B566E /* MenuCell.swift */; };
		7ACBC83F2A0A224D00896297 /* TasteReviewListVC.swift in Sources */ = {isa = PBXBuildFile; fileRef = 7ACBC83E2A0A224D00896297 /* TasteReviewListVC.swift */; };
/* End PBXBuildFile section */

/* Begin PBXFileReference section */
		179ACD5215D9B02D7772B9FE /* Pods-YOZO_iOS.debug.xcconfig */ = {isa = PBXFileReference; includeInIndex = 1; lastKnownFileType = text.xcconfig; name = "Pods-YOZO_iOS.debug.xcconfig"; path = "Target Support Files/Pods-YOZO_iOS/Pods-YOZO_iOS.debug.xcconfig"; sourceTree = "<group>"; };
		5226DFAB06D975DE15781832 /* Pods-YOZO_iOS.release.xcconfig */ = {isa = PBXFileReference; includeInIndex = 1; lastKnownFileType = text.xcconfig; name = "Pods-YOZO_iOS.release.xcconfig"; path = "Target Support Files/Pods-YOZO_iOS/Pods-YOZO_iOS.release.xcconfig"; sourceTree = "<group>"; };
		7A36AB022A18CBA400ADE4EC /* TasteReviewListViewModel.swift */ = {isa = PBXFileReference; lastKnownFileType = sourcecode.swift; path = TasteReviewListViewModel.swift; sourceTree = "<group>"; };
		7A36AB052A18CC0900ADE4EC /* reviewAPI.swift */ = {isa = PBXFileReference; lastKnownFileType = sourcecode.swift; path = reviewAPI.swift; sourceTree = "<group>"; };
		7A36AB082A18CE1A00ADE4EC /* UICollectionViewDataSource.swift */ = {isa = PBXFileReference; lastKnownFileType = sourcecode.swift; path = UICollectionViewDataSource.swift; sourceTree = "<group>"; };
		7A36AB2A2A18DB7600ADE4EC /* TasteReivewCell.swift */ = {isa = PBXFileReference; lastKnownFileType = sourcecode.swift; path = TasteReivewCell.swift; sourceTree = "<group>"; };
		7A4FAF4029EFAFF100E19842 /* SignupViewModel.swift */ = {isa = PBXFileReference; lastKnownFileType = sourcecode.swift; path = SignupViewModel.swift; sourceTree = "<group>"; };
		7A4FAF4229EFAFFF00E19842 /* LoginViewModel.swift */ = {isa = PBXFileReference; lastKnownFileType = sourcecode.swift; path = LoginViewModel.swift; sourceTree = "<group>"; };
		7A4FAF4429F4ED8000E19842 /* SignupVC.swift */ = {isa = PBXFileReference; lastKnownFileType = sourcecode.swift; path = SignupVC.swift; sourceTree = "<group>"; };
		7A4FAF4829F7B6CE00E19842 /* RestaurantInfoVC.swift */ = {isa = PBXFileReference; lastKnownFileType = sourcecode.swift; path = RestaurantInfoVC.swift; sourceTree = "<group>"; };
		7A5BC8F129E63A2500BBC3B3 /* YOZO_iOS.app */ = {isa = PBXFileReference; explicitFileType = wrapper.application; includeInIndex = 0; path = YOZO_iOS.app; sourceTree = BUILT_PRODUCTS_DIR; };
		7A5BC8F429E63A2500BBC3B3 /* AppDelegate.swift */ = {isa = PBXFileReference; lastKnownFileType = sourcecode.swift; path = AppDelegate.swift; sourceTree = "<group>"; };
		7A5BC8F629E63A2500BBC3B3 /* SceneDelegate.swift */ = {isa = PBXFileReference; lastKnownFileType = sourcecode.swift; path = SceneDelegate.swift; sourceTree = "<group>"; };
		7A5BC8F829E63A2500BBC3B3 /* LoginVC.swift */ = {isa = PBXFileReference; lastKnownFileType = sourcecode.swift; path = LoginVC.swift; sourceTree = "<group>"; };
		7A5BC8FD29E63A2600BBC3B3 /* Assets.xcassets */ = {isa = PBXFileReference; lastKnownFileType = folder.assetcatalog; path = Assets.xcassets; sourceTree = "<group>"; };
		7A5BC90029E63A2600BBC3B3 /* Base */ = {isa = PBXFileReference; lastKnownFileType = file.storyboard; name = Base; path = Base.lproj/Splash.storyboard; sourceTree = "<group>"; };
		7A5BC90229E63A2600BBC3B3 /* Info.plist */ = {isa = PBXFileReference; lastKnownFileType = text.plist.xml; path = Info.plist; sourceTree = "<group>"; };
		7A5BC91029E63B5600BBC3B3 /* UITextField+Extenstion.swift */ = {isa = PBXFileReference; lastKnownFileType = sourcecode.swift; path = "UITextField+Extenstion.swift"; sourceTree = "<group>"; };
		7A5BC91229E63B6500BBC3B3 /*  UIColor+Extension.swift */ = {isa = PBXFileReference; lastKnownFileType = sourcecode.swift; path = " UIColor+Extension.swift"; sourceTree = "<group>"; };
		7A5BC91629E63F2700BBC3B3 /* MainVC.swift */ = {isa = PBXFileReference; lastKnownFileType = sourcecode.swift; path = MainVC.swift; sourceTree = "<group>"; };
		7A5BC91829E65E4F00BBC3B3 /* InsetTextField+Extension.swift */ = {isa = PBXFileReference; lastKnownFileType = sourcecode.swift; path = "InsetTextField+Extension.swift"; sourceTree = "<group>"; };
		7A5BC91E29E9347F00BBC3B3 /* SplashLogo.png */ = {isa = PBXFileReference; lastKnownFileType = image.png; path = SplashLogo.png; sourceTree = "<group>"; };
		7A7E2F142A32F7C7007B566E /* MenuCell.swift */ = {isa = PBXFileReference; lastKnownFileType = sourcecode.swift; name = MenuCell.swift; path = ../../../MenuCell.swift; sourceTree = "<group>"; };
		7ACBC83E2A0A224D00896297 /* TasteReviewListVC.swift */ = {isa = PBXFileReference; lastKnownFileType = sourcecode.swift; path = TasteReviewListVC.swift; sourceTree = "<group>"; };
		D4DCA2243FF8BECE59C2C208 /* Pods_YOZO_iOS.framework */ = {isa = PBXFileReference; explicitFileType = wrapper.framework; includeInIndex = 0; path = Pods_YOZO_iOS.framework; sourceTree = BUILT_PRODUCTS_DIR; };
/* End PBXFileReference section */

/* Begin PBXFrameworksBuildPhase section */
		7A5BC8EE29E63A2500BBC3B3 /* Frameworks */ = {
			isa = PBXFrameworksBuildPhase;
			buildActionMask = 2147483647;
			files = (
				717A31CFCC59203ED1E67E8D /* Pods_YOZO_iOS.framework in Frameworks */,
			);
			runOnlyForDeploymentPostprocessing = 0;
		};
/* End PBXFrameworksBuildPhase section */

/* Begin PBXGroup section */
		45C19B2940C63D20835C3F28 /* Frameworks */ = {
			isa = PBXGroup;
			children = (
				D4DCA2243FF8BECE59C2C208 /* Pods_YOZO_iOS.framework */,
			);
			name = Frameworks;
			sourceTree = "<group>";
		};
		7A36AB042A18CBF500ADE4EC /* Services */ = {
			isa = PBXGroup;
			children = (
				7A36AB052A18CC0900ADE4EC /* reviewAPI.swift */,
			);
			path = Services;
			sourceTree = "<group>";
		};
		7A36AB072A18CE0300ADE4EC /* DataSource */ = {
			isa = PBXGroup;
			children = (
				7A36AB082A18CE1A00ADE4EC /* UICollectionViewDataSource.swift */,
			);
			path = DataSource;
			sourceTree = "<group>";
		};
		7A4FAF3F29EFAFDD00E19842 /* ViewModels */ = {
			isa = PBXGroup;
			children = (
				7A4FAF4029EFAFF100E19842 /* SignupViewModel.swift */,
				7A4FAF4229EFAFFF00E19842 /* LoginViewModel.swift */,
				7A36AB022A18CBA400ADE4EC /* TasteReviewListViewModel.swift */,
			);
			path = ViewModels;
			sourceTree = "<group>";
		};
		7A5BC8E829E63A2500BBC3B3 = {
			isa = PBXGroup;
			children = (
				7A5BC8F329E63A2500BBC3B3 /* YOZO_iOS */,
				7A5BC8F229E63A2500BBC3B3 /* Products */,
				FFC98DEE09F2F259944911CD /* Pods */,
				45C19B2940C63D20835C3F28 /* Frameworks */,
			);
			sourceTree = "<group>";
		};
		7A5BC8F229E63A2500BBC3B3 /* Products */ = {
			isa = PBXGroup;
			children = (
				7A5BC8F129E63A2500BBC3B3 /* YOZO_iOS.app */,
			);
			name = Products;
			sourceTree = "<group>";
		};
		7A5BC8F329E63A2500BBC3B3 /* YOZO_iOS */ = {
			isa = PBXGroup;
			children = (
				7A5BC90F29E63B0200BBC3B3 /* Controllers */,
				7A4FAF3F29EFAFDD00E19842 /* ViewModels */,
				7A36AB072A18CE0300ADE4EC /* DataSource */,
				7A5BC90A29E63AD900BBC3B3 /* Extensions */,
				7A36AB042A18CBF500ADE4EC /* Services */,
				7A5BC8F429E63A2500BBC3B3 /* AppDelegate.swift */,
				7A5BC8F629E63A2500BBC3B3 /* SceneDelegate.swift */,
				7A5BC8FF29E63A2600BBC3B3 /* Splash.storyboard */,
				7A5BC91E29E9347F00BBC3B3 /* SplashLogo.png */,
				7A5BC8FD29E63A2600BBC3B3 /* Assets.xcassets */,
				7A5BC90229E63A2600BBC3B3 /* Info.plist */,
			);
			path = YOZO_iOS;
			sourceTree = "<group>";
		};
		7A5BC90A29E63AD900BBC3B3 /* Extensions */ = {
			isa = PBXGroup;
			children = (
				7A5BC91029E63B5600BBC3B3 /* UITextField+Extenstion.swift */,
				7A5BC91229E63B6500BBC3B3 /*  UIColor+Extension.swift */,
				7A5BC91829E65E4F00BBC3B3 /* InsetTextField+Extension.swift */,
			);
			path = Extensions;
			sourceTree = "<group>";
		};
		7A5BC90F29E63B0200BBC3B3 /* Controllers */ = {
			isa = PBXGroup;
			children = (
				7A5BC8F829E63A2500BBC3B3 /* LoginVC.swift */,
				7A4FAF4429F4ED8000E19842 /* SignupVC.swift */,
				7A5BC91629E63F2700BBC3B3 /* MainVC.swift */,
				7A4FAF4829F7B6CE00E19842 /* RestaurantInfoVC.swift */,
				7ACBC83E2A0A224D00896297 /* TasteReviewListVC.swift */,
				7A36AB2A2A18DB7600ADE4EC /* TasteReivewCell.swift */,
				7A7E2F142A32F7C7007B566E /* MenuCell.swift */,
			);
			path = Controllers;
			sourceTree = "<group>";
		};
		FFC98DEE09F2F259944911CD /* Pods */ = {
			isa = PBXGroup;
			children = (
				179ACD5215D9B02D7772B9FE /* Pods-YOZO_iOS.debug.xcconfig */,
				5226DFAB06D975DE15781832 /* Pods-YOZO_iOS.release.xcconfig */,
			);
			path = Pods;
			sourceTree = "<group>";
		};
/* End PBXGroup section */

/* Begin PBXNativeTarget section */
		7A5BC8F029E63A2500BBC3B3 /* YOZO_iOS */ = {
			isa = PBXNativeTarget;
			buildConfigurationList = 7A5BC90529E63A2600BBC3B3 /* Build configuration list for PBXNativeTarget "YOZO_iOS" */;
			buildPhases = (
				B2BE31DFCEC812C3C5B2E2E2 /* [CP] Check Pods Manifest.lock */,
				7A5BC8ED29E63A2500BBC3B3 /* Sources */,
				7A5BC8EE29E63A2500BBC3B3 /* Frameworks */,
				7A5BC8EF29E63A2500BBC3B3 /* Resources */,
				0E31ECD53144DAE08B41EF88 /* [CP] Embed Pods Frameworks */,
			);
			buildRules = (
			);
			dependencies = (
			);
			name = YOZO_iOS;
			productName = YOZO_iOS;
			productReference = 7A5BC8F129E63A2500BBC3B3 /* YOZO_iOS.app */;
			productType = "com.apple.product-type.application";
		};
/* End PBXNativeTarget section */

/* Begin PBXProject section */
		7A5BC8E929E63A2500BBC3B3 /* Project object */ = {
			isa = PBXProject;
			attributes = {
				BuildIndependentTargetsInParallel = 1;
				LastSwiftUpdateCheck = 1420;
				LastUpgradeCheck = 1420;
				TargetAttributes = {
					7A5BC8F029E63A2500BBC3B3 = {
						CreatedOnToolsVersion = 14.2;
					};
				};
			};
			buildConfigurationList = 7A5BC8EC29E63A2500BBC3B3 /* Build configuration list for PBXProject "YOZO_iOS" */;
			compatibilityVersion = "Xcode 14.0";
			developmentRegion = en;
			hasScannedForEncodings = 0;
			knownRegions = (
				en,
				Base,
			);
			mainGroup = 7A5BC8E829E63A2500BBC3B3;
			productRefGroup = 7A5BC8F229E63A2500BBC3B3 /* Products */;
			projectDirPath = "";
			projectRoot = "";
			targets = (
				7A5BC8F029E63A2500BBC3B3 /* YOZO_iOS */,
			);
		};
/* End PBXProject section */

/* Begin PBXResourcesBuildPhase section */
		7A5BC8EF29E63A2500BBC3B3 /* Resources */ = {
			isa = PBXResourcesBuildPhase;
			buildActionMask = 2147483647;
			files = (
				7A5BC90129E63A2600BBC3B3 /* Splash.storyboard in Resources */,
				7A5BC8FE29E63A2600BBC3B3 /* Assets.xcassets in Resources */,
				7A5BC91F29E9348000BBC3B3 /* SplashLogo.png in Resources */,
			);
			runOnlyForDeploymentPostprocessing = 0;
		};
/* End PBXResourcesBuildPhase section */

/* Begin PBXShellScriptBuildPhase section */
		0E31ECD53144DAE08B41EF88 /* [CP] Embed Pods Frameworks */ = {
			isa = PBXShellScriptBuildPhase;
			buildActionMask = 2147483647;
			files = (
			);
			inputFileListPaths = (
				"${PODS_ROOT}/Target Support Files/Pods-YOZO_iOS/Pods-YOZO_iOS-frameworks-${CONFIGURATION}-input-files.xcfilelist",
			);
			name = "[CP] Embed Pods Frameworks";
			outputFileListPaths = (
				"${PODS_ROOT}/Target Support Files/Pods-YOZO_iOS/Pods-YOZO_iOS-frameworks-${CONFIGURATION}-output-files.xcfilelist",
			);
			runOnlyForDeploymentPostprocessing = 0;
			shellPath = /bin/sh;
			shellScript = "\"${PODS_ROOT}/Target Support Files/Pods-YOZO_iOS/Pods-YOZO_iOS-frameworks.sh\"\n";
			showEnvVarsInLog = 0;
		};
		B2BE31DFCEC812C3C5B2E2E2 /* [CP] Check Pods Manifest.lock */ = {
			isa = PBXShellScriptBuildPhase;
			buildActionMask = 2147483647;
			files = (
			);
			inputFileListPaths = (
			);
			inputPaths = (
				"${PODS_PODFILE_DIR_PATH}/Podfile.lock",
				"${PODS_ROOT}/Manifest.lock",
			);
			name = "[CP] Check Pods Manifest.lock";
			outputFileListPaths = (
			);
			outputPaths = (
				"$(DERIVED_FILE_DIR)/Pods-YOZO_iOS-checkManifestLockResult.txt",
			);
			runOnlyForDeploymentPostprocessing = 0;
			shellPath = /bin/sh;
			shellScript = "diff \"${PODS_PODFILE_DIR_PATH}/Podfile.lock\" \"${PODS_ROOT}/Manifest.lock\" > /dev/null\nif [ $? != 0 ] ; then\n    # print error to STDERR\n    echo \"error: The sandbox is not in sync with the Podfile.lock. Run 'pod install' or update your CocoaPods installation.\" >&2\n    exit 1\nfi\n# This output is used by Xcode 'outputs' to avoid re-running this script phase.\necho \"SUCCESS\" > \"${SCRIPT_OUTPUT_FILE_0}\"\n";
			showEnvVarsInLog = 0;
		};
/* End PBXShellScriptBuildPhase section */

/* Begin PBXSourcesBuildPhase section */
		7A5BC8ED29E63A2500BBC3B3 /* Sources */ = {
			isa = PBXSourcesBuildPhase;
			buildActionMask = 2147483647;
			files = (
				7A4FAF4129EFAFF100E19842 /* SignupViewModel.swift in Sources */,
				7A5BC8F929E63A2500BBC3B3 /* LoginVC.swift in Sources */,
				7A36AB032A18CBA400ADE4EC /* TasteReviewListViewModel.swift in Sources */,
				7A36AB2B2A18DB7600ADE4EC /* TasteReivewCell.swift in Sources */,
				7A36AB092A18CE1A00ADE4EC /* UICollectionViewDataSource.swift in Sources */,
				7A5BC8F529E63A2500BBC3B3 /* AppDelegate.swift in Sources */,
				7A4FAF4929F7B6CE00E19842 /* RestaurantInfoVC.swift in Sources */,
				7A5BC91129E63B5600BBC3B3 /* UITextField+Extenstion.swift in Sources */,
				7A36AB062A18CC0900ADE4EC /* reviewAPI.swift in Sources */,
				7A5BC8F729E63A2500BBC3B3 /* SceneDelegate.swift in Sources */,
				7ACBC83F2A0A224D00896297 /* TasteReviewListVC.swift in Sources */,
				7A5BC91929E65E4F00BBC3B3 /* InsetTextField+Extension.swift in Sources */,
				7A4FAF4529F4ED8000E19842 /* SignupVC.swift in Sources */,
				7A5BC91329E63B6500BBC3B3 /*  UIColor+Extension.swift in Sources */,
				7A4FAF4329EFAFFF00E19842 /* LoginViewModel.swift in Sources */,
				7A7E2F152A32F7C7007B566E /* MenuCell.swift in Sources */,
				7A5BC91729E63F2700BBC3B3 /* MainVC.swift in Sources */,
			);
			runOnlyForDeploymentPostprocessing = 0;
		};
/* End PBXSourcesBuildPhase section */

/* Begin PBXVariantGroup section */
		7A5BC8FF29E63A2600BBC3B3 /* Splash.storyboard */ = {
			isa = PBXVariantGroup;
			children = (
				7A5BC90029E63A2600BBC3B3 /* Base */,
			);
			name = Splash.storyboard;
			sourceTree = "<group>";
		};
/* End PBXVariantGroup section */

/* Begin XCBuildConfiguration section */
		7A5BC90329E63A2600BBC3B3 /* Debug */ = {
			isa = XCBuildConfiguration;
			buildSettings = {
				ALWAYS_SEARCH_USER_PATHS = NO;
				CLANG_ANALYZER_NONNULL = YES;
				CLANG_ANALYZER_NUMBER_OBJECT_CONVERSION = YES_AGGRESSIVE;
				CLANG_CXX_LANGUAGE_STANDARD = "gnu++20";
				CLANG_ENABLE_MODULES = YES;
				CLANG_ENABLE_OBJC_ARC = YES;
				CLANG_ENABLE_OBJC_WEAK = YES;
				CLANG_WARN_BLOCK_CAPTURE_AUTORELEASING = YES;
				CLANG_WARN_BOOL_CONVERSION = YES;
				CLANG_WARN_COMMA = YES;
				CLANG_WARN_CONSTANT_CONVERSION = YES;
				CLANG_WARN_DEPRECATED_OBJC_IMPLEMENTATIONS = YES;
				CLANG_WARN_DIRECT_OBJC_ISA_USAGE = YES_ERROR;
				CLANG_WARN_DOCUMENTATION_COMMENTS = YES;
				CLANG_WARN_EMPTY_BODY = YES;
				CLANG_WARN_ENUM_CONVERSION = YES;
				CLANG_WARN_INFINITE_RECURSION = YES;
				CLANG_WARN_INT_CONVERSION = YES;
				CLANG_WARN_NON_LITERAL_NULL_CONVERSION = YES;
				CLANG_WARN_OBJC_IMPLICIT_RETAIN_SELF = YES;
				CLANG_WARN_OBJC_LITERAL_CONVERSION = YES;
				CLANG_WARN_OBJC_ROOT_CLASS = YES_ERROR;
				CLANG_WARN_QUOTED_INCLUDE_IN_FRAMEWORK_HEADER = YES;
				CLANG_WARN_RANGE_LOOP_ANALYSIS = YES;
				CLANG_WARN_STRICT_PROTOTYPES = YES;
				CLANG_WARN_SUSPICIOUS_MOVE = YES;
				CLANG_WARN_UNGUARDED_AVAILABILITY = YES_AGGRESSIVE;
				CLANG_WARN_UNREACHABLE_CODE = YES;
				CLANG_WARN__DUPLICATE_METHOD_MATCH = YES;
				COPY_PHASE_STRIP = NO;
				DEBUG_INFORMATION_FORMAT = dwarf;
				ENABLE_STRICT_OBJC_MSGSEND = YES;
				ENABLE_TESTABILITY = YES;
				GCC_C_LANGUAGE_STANDARD = gnu11;
				GCC_DYNAMIC_NO_PIC = NO;
				GCC_NO_COMMON_BLOCKS = YES;
				GCC_OPTIMIZATION_LEVEL = 0;
				GCC_PREPROCESSOR_DEFINITIONS = (
					"DEBUG=1",
					"$(inherited)",
				);
				GCC_WARN_64_TO_32_BIT_CONVERSION = YES;
				GCC_WARN_ABOUT_RETURN_TYPE = YES_ERROR;
				GCC_WARN_UNDECLARED_SELECTOR = YES;
				GCC_WARN_UNINITIALIZED_AUTOS = YES_AGGRESSIVE;
				GCC_WARN_UNUSED_FUNCTION = YES;
				GCC_WARN_UNUSED_VARIABLE = YES;
				IPHONEOS_DEPLOYMENT_TARGET = 16.2;
				MTL_ENABLE_DEBUG_INFO = INCLUDE_SOURCE;
				MTL_FAST_MATH = YES;
				ONLY_ACTIVE_ARCH = YES;
				SDKROOT = iphoneos;
				SWIFT_ACTIVE_COMPILATION_CONDITIONS = DEBUG;
				SWIFT_OPTIMIZATION_LEVEL = "-Onone";
			};
			name = Debug;
		};
		7A5BC90429E63A2600BBC3B3 /* Release */ = {
			isa = XCBuildConfiguration;
			buildSettings = {
				ALWAYS_SEARCH_USER_PATHS = NO;
				CLANG_ANALYZER_NONNULL = YES;
				CLANG_ANALYZER_NUMBER_OBJECT_CONVERSION = YES_AGGRESSIVE;
				CLANG_CXX_LANGUAGE_STANDARD = "gnu++20";
				CLANG_ENABLE_MODULES = YES;
				CLANG_ENABLE_OBJC_ARC = YES;
				CLANG_ENABLE_OBJC_WEAK = YES;
				CLANG_WARN_BLOCK_CAPTURE_AUTORELEASING = YES;
				CLANG_WARN_BOOL_CONVERSION = YES;
				CLANG_WARN_COMMA = YES;
				CLANG_WARN_CONSTANT_CONVERSION = YES;
				CLANG_WARN_DEPRECATED_OBJC_IMPLEMENTATIONS = YES;
				CLANG_WARN_DIRECT_OBJC_ISA_USAGE = YES_ERROR;
				CLANG_WARN_DOCUMENTATION_COMMENTS = YES;
				CLANG_WARN_EMPTY_BODY = YES;
				CLANG_WARN_ENUM_CONVERSION = YES;
				CLANG_WARN_INFINITE_RECURSION = YES;
				CLANG_WARN_INT_CONVERSION = YES;
				CLANG_WARN_NON_LITERAL_NULL_CONVERSION = YES;
				CLANG_WARN_OBJC_IMPLICIT_RETAIN_SELF = YES;
				CLANG_WARN_OBJC_LITERAL_CONVERSION = YES;
				CLANG_WARN_OBJC_ROOT_CLASS = YES_ERROR;
				CLANG_WARN_QUOTED_INCLUDE_IN_FRAMEWORK_HEADER = YES;
				CLANG_WARN_RANGE_LOOP_ANALYSIS = YES;
				CLANG_WARN_STRICT_PROTOTYPES = YES;
				CLANG_WARN_SUSPICIOUS_MOVE = YES;
				CLANG_WARN_UNGUARDED_AVAILABILITY = YES_AGGRESSIVE;
				CLANG_WARN_UNREACHABLE_CODE = YES;
				CLANG_WARN__DUPLICATE_METHOD_MATCH = YES;
				COPY_PHASE_STRIP = NO;
				DEBUG_INFORMATION_FORMAT = "dwarf-with-dsym";
				ENABLE_NS_ASSERTIONS = NO;
				ENABLE_STRICT_OBJC_MSGSEND = YES;
				GCC_C_LANGUAGE_STANDARD = gnu11;
				GCC_NO_COMMON_BLOCKS = YES;
				GCC_WARN_64_TO_32_BIT_CONVERSION = YES;
				GCC_WARN_ABOUT_RETURN_TYPE = YES_ERROR;
				GCC_WARN_UNDECLARED_SELECTOR = YES;
				GCC_WARN_UNINITIALIZED_AUTOS = YES_AGGRESSIVE;
				GCC_WARN_UNUSED_FUNCTION = YES;
				GCC_WARN_UNUSED_VARIABLE = YES;
				IPHONEOS_DEPLOYMENT_TARGET = 16.2;
				MTL_ENABLE_DEBUG_INFO = NO;
				MTL_FAST_MATH = YES;
				SDKROOT = iphoneos;
				SWIFT_COMPILATION_MODE = wholemodule;
				SWIFT_OPTIMIZATION_LEVEL = "-O";
				VALIDATE_PRODUCT = YES;
			};
			name = Release;
		};
		7A5BC90629E63A2600BBC3B3 /* Debug */ = {
			isa = XCBuildConfiguration;
			baseConfigurationReference = 179ACD5215D9B02D7772B9FE /* Pods-YOZO_iOS.debug.xcconfig */;
			buildSettings = {
				ASSETCATALOG_COMPILER_APPICON_NAME = AppIcon;
				ASSETCATALOG_COMPILER_GLOBAL_ACCENT_COLOR_NAME = AccentColor;
				CODE_SIGN_STYLE = Automatic;
				CURRENT_PROJECT_VERSION = 1;
				DEVELOPMENT_TEAM = Y7V766KDKR;
				GENERATE_INFOPLIST_FILE = YES;
				INFOPLIST_FILE = YOZO_iOS/Info.plist;
				INFOPLIST_KEY_UIApplicationSupportsIndirectInputEvents = YES;
				INFOPLIST_KEY_UILaunchStoryboardName = Splash;
				INFOPLIST_KEY_UIMainStoryboardFile = "";
				INFOPLIST_KEY_UISupportedInterfaceOrientations_iPad = "UIInterfaceOrientationPortrait UIInterfaceOrientationPortraitUpsideDown UIInterfaceOrientationLandscapeLeft UIInterfaceOrientationLandscapeRight";
				INFOPLIST_KEY_UISupportedInterfaceOrientations_iPhone = "UIInterfaceOrientationPortrait UIInterfaceOrientationLandscapeLeft UIInterfaceOrientationLandscapeRight";
				LD_RUNPATH_SEARCH_PATHS = (
					"$(inherited)",
					"@executable_path/Frameworks",
				);
				MARKETING_VERSION = 1.0;
				PRODUCT_BUNDLE_IDENTIFIER = "com.Heize.YOZO-iOS";
				PRODUCT_NAME = "$(TARGET_NAME)";
				SWIFT_EMIT_LOC_STRINGS = YES;
				SWIFT_VERSION = 5.0;
				TARGETED_DEVICE_FAMILY = "1,2";
			};
			name = Debug;
		};
		7A5BC90729E63A2600BBC3B3 /* Release */ = {
			isa = XCBuildConfiguration;
			baseConfigurationReference = 5226DFAB06D975DE15781832 /* Pods-YOZO_iOS.release.xcconfig */;
			buildSettings = {
				ASSETCATALOG_COMPILER_APPICON_NAME = AppIcon;
				ASSETCATALOG_COMPILER_GLOBAL_ACCENT_COLOR_NAME = AccentColor;
				CODE_SIGN_STYLE = Automatic;
				CURRENT_PROJECT_VERSION = 1;
				DEVELOPMENT_TEAM = Y7V766KDKR;
				GENERATE_INFOPLIST_FILE = YES;
				INFOPLIST_FILE = YOZO_iOS/Info.plist;
				INFOPLIST_KEY_UIApplicationSupportsIndirectInputEvents = YES;
				INFOPLIST_KEY_UILaunchStoryboardName = Splash;
				INFOPLIST_KEY_UIMainStoryboardFile = "";
				INFOPLIST_KEY_UISupportedInterfaceOrientations_iPad = "UIInterfaceOrientationPortrait UIInterfaceOrientationPortraitUpsideDown UIInterfaceOrientationLandscapeLeft UIInterfaceOrientationLandscapeRight";
				INFOPLIST_KEY_UISupportedInterfaceOrientations_iPhone = "UIInterfaceOrientationPortrait UIInterfaceOrientationLandscapeLeft UIInterfaceOrientationLandscapeRight";
				LD_RUNPATH_SEARCH_PATHS = (
					"$(inherited)",
					"@executable_path/Frameworks",
				);
				MARKETING_VERSION = 1.0;
				PRODUCT_BUNDLE_IDENTIFIER = "com.Heize.YOZO-iOS";
				PRODUCT_NAME = "$(TARGET_NAME)";
				SWIFT_EMIT_LOC_STRINGS = YES;
				SWIFT_VERSION = 5.0;
				TARGETED_DEVICE_FAMILY = "1,2";
			};
			name = Release;
		};
/* End XCBuildConfiguration section */

/* Begin XCConfigurationList section */
		7A5BC8EC29E63A2500BBC3B3 /* Build configuration list for PBXProject "YOZO_iOS" */ = {
			isa = XCConfigurationList;
			buildConfigurations = (
				7A5BC90329E63A2600BBC3B3 /* Debug */,
				7A5BC90429E63A2600BBC3B3 /* Release */,
			);
			defaultConfigurationIsVisible = 0;
			defaultConfigurationName = Release;
		};
		7A5BC90529E63A2600BBC3B3 /* Build configuration list for PBXNativeTarget "YOZO_iOS" */ = {
			isa = XCConfigurationList;
			buildConfigurations = (
				7A5BC90629E63A2600BBC3B3 /* Debug */,
				7A5BC90729E63A2600BBC3B3 /* Release */,
			);
			defaultConfigurationIsVisible = 0;
			defaultConfigurationName = Release;
		};
/* End XCConfigurationList section */
	};
	rootObject = 7A5BC8E929E63A2500BBC3B3 /* Project object */;
}
